{
  "version": "5",
  "specifiers": {
    "jsr:@iherman/multikey-webcrypto@*": "0.6.1",
    "jsr:@iherman/multikey-webcrypto@0.6.1": "0.6.1",
    "jsr:@scure/base@*": "1.2.5",
    "npm:@jsonjoy.com/base64@*": "1.1.2_tslib@2.5.0",
    "npm:@noble/curves@1.9.0": "1.9.0",
    "npm:@scure/base@1.2.5": "1.2.5"
  },
  "jsr": {
    "@iherman/multikey-webcrypto@0.6.1": {
      "integrity": "8d49f334d0286fb5c282085efe03ff69efbbb6bf42c4abb9ba7a7b107b13f6f0",
      "dependencies": [
        "npm:@noble/curves",
        "npm:@scure/base@1.2.5"
      ]
    },
    "@scure/base@1.2.5": {
      "integrity": "9fee89cb561205b4e19145a08ec45b23d99896c7b53de28e88f5aba48221c98d"
    }
  },
  "npm": {
    "@jsonjoy.com/base64@1.1.2_tslib@2.5.0": {
      "integrity": "sha512-q6XAnWQDIMA3+FTiOYajoYqySkO+JSat0ytXGSuRdq9uXE7o92gzuQwQM14xaCRlBLGq3v5miDGC4vkVTn54xA==",
      "dependencies": [
        "tslib"
      ]
    },
    "@noble/curves@1.9.0": {
      "integrity": "sha512-7YDlXiNMdO1YZeH6t/kvopHHbIZzlxrCV9WLqCY6QhcXOoXiNCMDqJIglZ9Yjx5+w7Dz30TITFrlTjnRg7sKEg==",
      "dependencies": [
        "@noble/hashes"
      ]
    },
    "@noble/hashes@1.8.0": {
      "integrity": "sha512-jCs9ldd7NwzpgXDIf6P3+NrHh9/sD6CQdxHyjQI+h/6rDNo88ypBxxz45UDuZHz9r3tNz7N/VInSVoVdtXEI4A=="
    },
    "@scure/base@1.2.5": {
      "integrity": "sha512-9rE6EOVeIQzt5TSu4v+K523F8u6DhBsoZWPGKlnCshhlDhy0kJzUX4V+tr2dWmzF1GdekvThABoEQBGBQI7xZw=="
    },
    "tslib@2.5.0": {
      "integrity": "sha512-336iVw3rtn2BUK7ORdIAHTyxHGRIHVReokCR3XjbckJMK7ms8FysBfhLR8IXnAgy7T0PTPNBWKiH514FOW/WSg=="
    }
  }
}
